
Microsoft Visual Studio Solution File, Format Version 12.00
# Visual Studio Version 17
VisualStudioVersion = 17.10.35122.118
MinimumVisualStudioVersion = 10.0.40219.1
Project("{FAE04EC0-301F-11D3-BF4B-00C04F79EFBC}") = "CodeAssessment", "CodeAssessment\CodeAssessment.csproj", "{ADCFB2E9-A2DD-4EDC-8D54-ED61A8D02A4F}"
EndProject
Project("{2150E333-8FDC-42A3-9474-1A3956D46DE8}") = "SRC", "SRC", "{A5F061D5-D2E7-4713-B34F-806D554A4509}"
EndProject
Project("{2150E333-8FDC-42A3-9474-1A3956D46DE8}") = "WebAPI", "WebAPI", "{C1C75DE2-4CE3-47E2-9513-89BB82411AE5}"
EndProject
Project("{2150E333-8FDC-42A3-9474-1A3956D46DE8}") = "Core", "Core", "{AC99A0AE-698A-446B-BF98-2EC7FB02BE8E}"
EndProject
Project("{2150E333-8FDC-42A3-9474-1A3956D46DE8}") = "Infrastructure", "Infrastructure", "{148D9C31-FAAD-4BB3-8D9D-F267FBC37A10}"
EndProject
Project("{FAE04EC0-301F-11D3-BF4B-00C04F79EFBC}") = "CodeAssessment.Application", "Application\CodeAssessment.Application.csproj", "{357D648B-AEDC-4007-87A9-491F6601ABB6}"
EndProject
Project("{FAE04EC0-301F-11D3-BF4B-00C04F79EFBC}") = "CodeAssessment.Common", "CodeAssessment.Common\CodeAssessment.Common.csproj", "{124F281B-FA46-4997-BB7A-F417C5D7F695}"
EndProject
Project("{FAE04EC0-301F-11D3-BF4B-00C04F79EFBC}") = "CodeAssessment.Domain", "CodeAssessment.Domain\CodeAssessment.Domain.csproj", "{F6B21DA9-AACB-4C44-ACB4-9C8333DAFB72}"
EndProject
Project("{FAE04EC0-301F-11D3-BF4B-00C04F79EFBC}") = "CodeAssessment.Infrastructure", "CodeAssessment.Infrastructure\CodeAssessment.Infrastructure.csproj", "{047B9B06-2ABE-4538-AD3E-26EF9C3D21B6}"
EndProject
Project("{2150E333-8FDC-42A3-9474-1A3956D46DE8}") = "Test", "Test", "{48D6A4A8-7DE6-495D-B9A8-9FF74E131420}"
EndProject
Project("{FAE04EC0-301F-11D3-BF4B-00C04F79EFBC}") = "CodeAssessment.Test", "CodeAssessment.Test\CodeAssessment.Test.csproj", "{61D77AD5-5D76-41A8-B04D-104AB375EFBD}"
EndProject
Global
	GlobalSection(SolutionConfigurationPlatforms) = preSolution
		Debug|Any CPU = Debug|Any CPU
		Release|Any CPU = Release|Any CPU
	EndGlobalSection
	GlobalSection(ProjectConfigurationPlatforms) = postSolution
		{ADCFB2E9-A2DD-4EDC-8D54-ED61A8D02A4F}.Debug|Any CPU.ActiveCfg = Debug|Any CPU
		{ADCFB2E9-A2DD-4EDC-8D54-ED61A8D02A4F}.Debug|Any CPU.Build.0 = Debug|Any CPU
		{ADCFB2E9-A2DD-4EDC-8D54-ED61A8D02A4F}.Release|Any CPU.ActiveCfg = Release|Any CPU
		{ADCFB2E9-A2DD-4EDC-8D54-ED61A8D02A4F}.Release|Any CPU.Build.0 = Release|Any CPU
		{357D648B-AEDC-4007-87A9-491F6601ABB6}.Debug|Any CPU.ActiveCfg = Debug|Any CPU
		{357D648B-AEDC-4007-87A9-491F6601ABB6}.Debug|Any CPU.Build.0 = Debug|Any CPU
		{357D648B-AEDC-4007-87A9-491F6601ABB6}.Release|Any CPU.ActiveCfg = Release|Any CPU
		{357D648B-AEDC-4007-87A9-491F6601ABB6}.Release|Any CPU.Build.0 = Release|Any CPU
		{124F281B-FA46-4997-BB7A-F417C5D7F695}.Debug|Any CPU.ActiveCfg = Debug|Any CPU
		{124F281B-FA46-4997-BB7A-F417C5D7F695}.Debug|Any CPU.Build.0 = Debug|Any CPU
		{124F281B-FA46-4997-BB7A-F417C5D7F695}.Release|Any CPU.ActiveCfg = Release|Any CPU
		{124F281B-FA46-4997-BB7A-F417C5D7F695}.Release|Any CPU.Build.0 = Release|Any CPU
		{F6B21DA9-AACB-4C44-ACB4-9C8333DAFB72}.Debug|Any CPU.ActiveCfg = Debug|Any CPU
		{F6B21DA9-AACB-4C44-ACB4-9C8333DAFB72}.Debug|Any CPU.Build.0 = Debug|Any CPU
		{F6B21DA9-AACB-4C44-ACB4-9C8333DAFB72}.Release|Any CPU.ActiveCfg = Release|Any CPU
		{F6B21DA9-AACB-4C44-ACB4-9C8333DAFB72}.Release|Any CPU.Build.0 = Release|Any CPU
		{047B9B06-2ABE-4538-AD3E-26EF9C3D21B6}.Debug|Any CPU.ActiveCfg = Debug|Any CPU
		{047B9B06-2ABE-4538-AD3E-26EF9C3D21B6}.Debug|Any CPU.Build.0 = Debug|Any CPU
		{047B9B06-2ABE-4538-AD3E-26EF9C3D21B6}.Release|Any CPU.ActiveCfg = Release|Any CPU
		{047B9B06-2ABE-4538-AD3E-26EF9C3D21B6}.Release|Any CPU.Build.0 = Release|Any CPU
		{61D77AD5-5D76-41A8-B04D-104AB375EFBD}.Debug|Any CPU.ActiveCfg = Debug|Any CPU
		{61D77AD5-5D76-41A8-B04D-104AB375EFBD}.Debug|Any CPU.Build.0 = Debug|Any CPU
		{61D77AD5-5D76-41A8-B04D-104AB375EFBD}.Release|Any CPU.ActiveCfg = Release|Any CPU
		{61D77AD5-5D76-41A8-B04D-104AB375EFBD}.Release|Any CPU.Build.0 = Release|Any CPU
	EndGlobalSection
	GlobalSection(SolutionProperties) = preSolution
		HideSolutionNode = FALSE
	EndGlobalSection
	GlobalSection(NestedProjects) = preSolution
		{ADCFB2E9-A2DD-4EDC-8D54-ED61A8D02A4F} = {C1C75DE2-4CE3-47E2-9513-89BB82411AE5}
		{C1C75DE2-4CE3-47E2-9513-89BB82411AE5} = {A5F061D5-D2E7-4713-B34F-806D554A4509}
		{AC99A0AE-698A-446B-BF98-2EC7FB02BE8E} = {A5F061D5-D2E7-4713-B34F-806D554A4509}
		{148D9C31-FAAD-4BB3-8D9D-F267FBC37A10} = {A5F061D5-D2E7-4713-B34F-806D554A4509}
		{357D648B-AEDC-4007-87A9-491F6601ABB6} = {AC99A0AE-698A-446B-BF98-2EC7FB02BE8E}
		{124F281B-FA46-4997-BB7A-F417C5D7F695} = {AC99A0AE-698A-446B-BF98-2EC7FB02BE8E}
		{F6B21DA9-AACB-4C44-ACB4-9C8333DAFB72} = {AC99A0AE-698A-446B-BF98-2EC7FB02BE8E}
		{047B9B06-2ABE-4538-AD3E-26EF9C3D21B6} = {148D9C31-FAAD-4BB3-8D9D-F267FBC37A10}
		{48D6A4A8-7DE6-495D-B9A8-9FF74E131420} = {A5F061D5-D2E7-4713-B34F-806D554A4509}
		{61D77AD5-5D76-41A8-B04D-104AB375EFBD} = {48D6A4A8-7DE6-495D-B9A8-9FF74E131420}
	EndGlobalSection
	GlobalSection(ExtensibilityGlobals) = postSolution
		SolutionGuid = {1B2832A0-71C4-4C3E-B196-2084F266BC87}
	EndGlobalSection
EndGlobal
